
Microsoft Visual Studio Solution File, Format Version 12.00
# Visual Studio Version 17
VisualStudioVersion = 17.11.35219.272
MinimumVisualStudioVersion = 10.0.40219.1
Project("{FAE04EC0-301F-11D3-BF4B-00C04F79EFBC}") = "responsi", "responsi\responsi.csproj", "{40D26A8C-8FC0-4B15-932E-330679A4FC11}"
EndProject
Global
	GlobalSection(SolutionConfigurationPlatforms) = preSolution
		Debug|Any CPU = Debug|Any CPU
		Release|Any CPU = Release|Any CPU
	EndGlobalSection
	GlobalSection(ProjectConfigurationPlatforms) = postSolution
		{40D26A8C-8FC0-4B15-932E-330679A4FC11}.Debug|Any CPU.ActiveCfg = Debug|Any CPU
		{40D26A8C-8FC0-4B15-932E-330679A4FC11}.Debug|Any CPU.Build.0 = Debug|Any CPU
		{40D26A8C-8FC0-4B15-932E-330679A4FC11}.Release|Any CPU.ActiveCfg = Release|Any CPU
		{40D26A8C-8FC0-4B15-932E-330679A4FC11}.Release|Any CPU.Build.0 = Release|Any CPU
	EndGlobalSection
	GlobalSection(SolutionProperties) = preSolution
		HideSolutionNode = FALSE
	EndGlobalSection
	GlobalSection(ExtensibilityGlobals) = postSolution
		SolutionGuid = {E8337C92-2824-4580-96B6-963749A0B2D7}
	EndGlobalSection
EndGlobal
